// !$*UTF8*$!
{
	archiveVersion = 1;
	classes = {
	};
	objectVersion = 56;
	objects = {

/* Begin PBXBuildFile section */
		3A78F9A129D5C05300C02C43 /* AppDelegate.swift in Sources */ = {isa = PBXBuildFile; fileRef = 3A78F9A029D5C05300C02C43 /* AppDelegate.swift */; };
		3A78F9A329D5C05300C02C43 /* SceneDelegate.swift in Sources */ = {isa = PBXBuildFile; fileRef = 3A78F9A229D5C05300C02C43 /* SceneDelegate.swift */; };
		3A78F9A529D5C05300C02C43 /* HomeViewController.swift in Sources */ = {isa = PBXBuildFile; fileRef = 3A78F9A429D5C05300C02C43 /* HomeViewController.swift */; };
		3A78F9A829D5C05300C02C43 /* Main.storyboard in Resources */ = {isa = PBXBuildFile; fileRef = 3A78F9A629D5C05300C02C43 /* Main.storyboard */; };
		3A78F9AA29D5C05500C02C43 /* Assets.xcassets in Resources */ = {isa = PBXBuildFile; fileRef = 3A78F9A929D5C05500C02C43 /* Assets.xcassets */; };
		3A78F9AD29D5C05500C02C43 /* LaunchScreen.storyboard in Resources */ = {isa = PBXBuildFile; fileRef = 3A78F9AB29D5C05500C02C43 /* LaunchScreen.storyboard */; };
		3A78F9B529D5C40300C02C43 /* Disney.swift in Sources */ = {isa = PBXBuildFile; fileRef = 3A78F9B429D5C40300C02C43 /* Disney.swift */; };
		3A78F9B729D5C56E00C02C43 /* Request.swift in Sources */ = {isa = PBXBuildFile; fileRef = 3A78F9B629D5C56E00C02C43 /* Request.swift */; };
		3A78F9B929D61BFE00C02C43 /* ListDisneyViewController.swift in Sources */ = {isa = PBXBuildFile; fileRef = 3A78F9B829D61BFE00C02C43 /* ListDisneyViewController.swift */; };
		3A78F9BC29D61DF400C02C43 /* DisneyTableViewCell.swift in Sources */ = {isa = PBXBuildFile; fileRef = 3A78F9BA29D61DF400C02C43 /* DisneyTableViewCell.swift */; };
		3A78F9BD29D61DF400C02C43 /* DisneyTableViewCell.xib in Resources */ = {isa = PBXBuildFile; fileRef = 3A78F9BB29D61DF400C02C43 /* DisneyTableViewCell.xib */; };
		3A78F9BF29DBB42600C02C43 /* ListFilmsViewController.swift in Sources */ = {isa = PBXBuildFile; fileRef = 3A78F9BE29DBB42600C02C43 /* ListFilmsViewController.swift */; };
		3A78F9C229DBB89B00C02C43 /* FilmsTableViewCell.swift in Sources */ = {isa = PBXBuildFile; fileRef = 3A78F9C029DBB89B00C02C43 /* FilmsTableViewCell.swift */; };
		3A78F9C329DBB89B00C02C43 /* FilmsTableViewCell.xib in Resources */ = {isa = PBXBuildFile; fileRef = 3A78F9C129DBB89B00C02C43 /* FilmsTableViewCell.xib */; };
		3A78F9C529DDBA6000C02C43 /* LoginViewController.swift in Sources */ = {isa = PBXBuildFile; fileRef = 3A78F9C429DDBA6000C02C43 /* LoginViewController.swift */; };
		3A78F9C729DDBC3100C02C43 /* RequestLogin.swift in Sources */ = {isa = PBXBuildFile; fileRef = 3A78F9C629DDBC3100C02C43 /* RequestLogin.swift */; };
		E9C1D6B7FB07AF1AA3CED1E0 /* Pods_ProjectDisney.framework in Frameworks */ = {isa = PBXBuildFile; fileRef = 099C592EFB4A6469299C43DA /* Pods_ProjectDisney.framework */; };
/* End PBXBuildFile section */

/* Begin PBXFileReference section */
		099C592EFB4A6469299C43DA /* Pods_ProjectDisney.framework */ = {isa = PBXFileReference; explicitFileType = wrapper.framework; includeInIndex = 0; path = Pods_ProjectDisney.framework; sourceTree = BUILT_PRODUCTS_DIR; };
		3891C0ED6E9145F8DC30F3FA /* Pods-ProjectDisney.release.xcconfig */ = {isa = PBXFileReference; includeInIndex = 1; lastKnownFileType = text.xcconfig; name = "Pods-ProjectDisney.release.xcconfig"; path = "Target Support Files/Pods-ProjectDisney/Pods-ProjectDisney.release.xcconfig"; sourceTree = "<group>"; };
		3A78F99D29D5C05300C02C43 /* ProjectDisney.app */ = {isa = PBXFileReference; explicitFileType = wrapper.application; includeInIndex = 0; path = ProjectDisney.app; sourceTree = BUILT_PRODUCTS_DIR; };
		3A78F9A029D5C05300C02C43 /* AppDelegate.swift */ = {isa = PBXFileReference; lastKnownFileType = sourcecode.swift; path = AppDelegate.swift; sourceTree = "<group>"; };
		3A78F9A229D5C05300C02C43 /* SceneDelegate.swift */ = {isa = PBXFileReference; lastKnownFileType = sourcecode.swift; path = SceneDelegate.swift; sourceTree = "<group>"; };
		3A78F9A429D5C05300C02C43 /* HomeViewController.swift */ = {isa = PBXFileReference; lastKnownFileType = sourcecode.swift; path = HomeViewController.swift; sourceTree = "<group>"; };
		3A78F9A729D5C05300C02C43 /* Base */ = {isa = PBXFileReference; lastKnownFileType = file.storyboard; name = Base; path = Base.lproj/Main.storyboard; sourceTree = "<group>"; };
		3A78F9A929D5C05500C02C43 /* Assets.xcassets */ = {isa = PBXFileReference; lastKnownFileType = folder.assetcatalog; path = Assets.xcassets; sourceTree = "<group>"; };
		3A78F9AC29D5C05500C02C43 /* Base */ = {isa = PBXFileReference; lastKnownFileType = file.storyboard; name = Base; path = Base.lproj/LaunchScreen.storyboard; sourceTree = "<group>"; };
		3A78F9AE29D5C05500C02C43 /* Info.plist */ = {isa = PBXFileReference; lastKnownFileType = text.plist.xml; path = Info.plist; sourceTree = "<group>"; };
		3A78F9B429D5C40300C02C43 /* Disney.swift */ = {isa = PBXFileReference; lastKnownFileType = sourcecode.swift; path = Disney.swift; sourceTree = "<group>"; };
		3A78F9B629D5C56E00C02C43 /* Request.swift */ = {isa = PBXFileReference; lastKnownFileType = sourcecode.swift; path = Request.swift; sourceTree = "<group>"; };
		3A78F9B829D61BFE00C02C43 /* ListDisneyViewController.swift */ = {isa = PBXFileReference; lastKnownFileType = sourcecode.swift; path = ListDisneyViewController.swift; sourceTree = "<group>"; };
		3A78F9BA29D61DF400C02C43 /* DisneyTableViewCell.swift */ = {isa = PBXFileReference; lastKnownFileType = sourcecode.swift; path = DisneyTableViewCell.swift; sourceTree = "<group>"; };
		3A78F9BB29D61DF400C02C43 /* DisneyTableViewCell.xib */ = {isa = PBXFileReference; lastKnownFileType = file.xib; path = DisneyTableViewCell.xib; sourceTree = "<group>"; };
		3A78F9BE29DBB42600C02C43 /* ListFilmsViewController.swift */ = {isa = PBXFileReference; lastKnownFileType = sourcecode.swift; path = ListFilmsViewController.swift; sourceTree = "<group>"; };
		3A78F9C029DBB89B00C02C43 /* FilmsTableViewCell.swift */ = {isa = PBXFileReference; lastKnownFileType = sourcecode.swift; path = FilmsTableViewCell.swift; sourceTree = "<group>"; };
		3A78F9C129DBB89B00C02C43 /* FilmsTableViewCell.xib */ = {isa = PBXFileReference; lastKnownFileType = file.xib; path = FilmsTableViewCell.xib; sourceTree = "<group>"; };
		3A78F9C429DDBA6000C02C43 /* LoginViewController.swift */ = {isa = PBXFileReference; lastKnownFileType = sourcecode.swift; path = LoginViewController.swift; sourceTree = "<group>"; };
		3A78F9C629DDBC3100C02C43 /* RequestLogin.swift */ = {isa = PBXFileReference; lastKnownFileType = sourcecode.swift; path = RequestLogin.swift; sourceTree = "<group>"; };
		CCD99385EE763FA4C30CDE31 /* Pods-ProjectDisney.debug.xcconfig */ = {isa = PBXFileReference; includeInIndex = 1; lastKnownFileType = text.xcconfig; name = "Pods-ProjectDisney.debug.xcconfig"; path = "Target Support Files/Pods-ProjectDisney/Pods-ProjectDisney.debug.xcconfig"; sourceTree = "<group>"; };
/* End PBXFileReference section */

/* Begin PBXFrameworksBuildPhase section */
		3A78F99A29D5C05300C02C43 /* Frameworks */ = {
			isa = PBXFrameworksBuildPhase;
			buildActionMask = 2147483647;
			files = (
				E9C1D6B7FB07AF1AA3CED1E0 /* Pods_ProjectDisney.framework in Frameworks */,
			);
			runOnlyForDeploymentPostprocessing = 0;
		};
/* End PBXFrameworksBuildPhase section */

/* Begin PBXGroup section */
		242558289B53854B2DA3A7FD /* Pods */ = {
			isa = PBXGroup;
			children = (
				CCD99385EE763FA4C30CDE31 /* Pods-ProjectDisney.debug.xcconfig */,
				3891C0ED6E9145F8DC30F3FA /* Pods-ProjectDisney.release.xcconfig */,
			);
			path = Pods;
			sourceTree = "<group>";
		};
		3A78F99429D5C05300C02C43 = {
			isa = PBXGroup;
			children = (
				3A78F99F29D5C05300C02C43 /* ProjectDisney */,
				3A78F99E29D5C05300C02C43 /* Products */,
				242558289B53854B2DA3A7FD /* Pods */,
				5090C823763CA845D06B1D39 /* Frameworks */,
			);
			sourceTree = "<group>";
		};
		3A78F99E29D5C05300C02C43 /* Products */ = {
			isa = PBXGroup;
			children = (
				3A78F99D29D5C05300C02C43 /* ProjectDisney.app */,
			);
			name = Products;
			sourceTree = "<group>";
		};
		3A78F99F29D5C05300C02C43 /* ProjectDisney */ = {
			isa = PBXGroup;
			children = (
				3A78F9A029D5C05300C02C43 /* AppDelegate.swift */,
				3A78F9A229D5C05300C02C43 /* SceneDelegate.swift */,
				3A78F9A629D5C05300C02C43 /* Main.storyboard */,
				3A78F9C629DDBC3100C02C43 /* RequestLogin.swift */,
				3A78F9C429DDBA6000C02C43 /* LoginViewController.swift */,
				3A78F9C029DBB89B00C02C43 /* FilmsTableViewCell.swift */,
				3A78F9C129DBB89B00C02C43 /* FilmsTableViewCell.xib */,
				3A78F9BE29DBB42600C02C43 /* ListFilmsViewController.swift */,
				3A78F9BA29D61DF400C02C43 /* DisneyTableViewCell.swift */,
				3A78F9BB29D61DF400C02C43 /* DisneyTableViewCell.xib */,
				3A78F9B829D61BFE00C02C43 /* ListDisneyViewController.swift */,
				3A78F9B629D5C56E00C02C43 /* Request.swift */,
				3A78F9A429D5C05300C02C43 /* HomeViewController.swift */,
				3A78F9B429D5C40300C02C43 /* Disney.swift */,
				3A78F9A929D5C05500C02C43 /* Assets.xcassets */,
				3A78F9AB29D5C05500C02C43 /* LaunchScreen.storyboard */,
				3A78F9AE29D5C05500C02C43 /* Info.plist */,
			);
			path = ProjectDisney;
			sourceTree = "<group>";
		};
		5090C823763CA845D06B1D39 /* Frameworks */ = {
			isa = PBXGroup;
			children = (
				099C592EFB4A6469299C43DA /* Pods_ProjectDisney.framework */,
			);
			name = Frameworks;
			sourceTree = "<group>";
		};
/* End PBXGroup section */

/* Begin PBXNativeTarget section */
		3A78F99C29D5C05300C02C43 /* ProjectDisney */ = {
			isa = PBXNativeTarget;
			buildConfigurationList = 3A78F9B129D5C05500C02C43 /* Build configuration list for PBXNativeTarget "ProjectDisney" */;
			buildPhases = (
				57726CFF180516C5FEE53DB8 /* [CP] Check Pods Manifest.lock */,
				3A78F99929D5C05300C02C43 /* Sources */,
				3A78F99A29D5C05300C02C43 /* Frameworks */,
				3A78F99B29D5C05300C02C43 /* Resources */,
				FD681DD9AAC2A3FADD0E361A /* [CP] Embed Pods Frameworks */,
			);
			buildRules = (
			);
			dependencies = (
			);
			name = ProjectDisney;
			productName = ProjectDisney;
			productReference = 3A78F99D29D5C05300C02C43 /* ProjectDisney.app */;
			productType = "com.apple.product-type.application";
		};
/* End PBXNativeTarget section */

/* Begin PBXProject section */
		3A78F99529D5C05300C02C43 /* Project object */ = {
			isa = PBXProject;
			attributes = {
				BuildIndependentTargetsInParallel = 1;
				LastSwiftUpdateCheck = 1410;
				LastUpgradeCheck = 1410;
				TargetAttributes = {
					3A78F99C29D5C05300C02C43 = {
						CreatedOnToolsVersion = 14.1;
					};
				};
			};
			buildConfigurationList = 3A78F99829D5C05300C02C43 /* Build configuration list for PBXProject "ProjectDisney" */;
			compatibilityVersion = "Xcode 14.0";
			developmentRegion = en;
			hasScannedForEncodings = 0;
			knownRegions = (
				en,
				Base,
			);
			mainGroup = 3A78F99429D5C05300C02C43;
			productRefGroup = 3A78F99E29D5C05300C02C43 /* Products */;
			projectDirPath = "";
			projectRoot = "";
			targets = (
				3A78F99C29D5C05300C02C43 /* ProjectDisney */,
			);
		};
/* End PBXProject section */

/* Begin PBXResourcesBuildPhase section */
		3A78F99B29D5C05300C02C43 /* Resources */ = {
			isa = PBXResourcesBuildPhase;
			buildActionMask = 2147483647;
			files = (
				3A78F9AD29D5C05500C02C43 /* LaunchScreen.storyboard in Resources */,
				3A78F9AA29D5C05500C02C43 /* Assets.xcassets in Resources */,
				3A78F9C329DBB89B00C02C43 /* FilmsTableViewCell.xib in Resources */,
				3A78F9A829D5C05300C02C43 /* Main.storyboard in Resources */,
				3A78F9BD29D61DF400C02C43 /* DisneyTableViewCell.xib in Resources */,
			);
			runOnlyForDeploymentPostprocessing = 0;
		};
/* End PBXResourcesBuildPhase section */

/* Begin PBXShellScriptBuildPhase section */
		57726CFF180516C5FEE53DB8 /* [CP] Check Pods Manifest.lock */ = {
			isa = PBXShellScriptBuildPhase;
			buildActionMask = 2147483647;
			files = (
			);
			inputFileListPaths = (
			);
			inputPaths = (
				"${PODS_PODFILE_DIR_PATH}/Podfile.lock",
				"${PODS_ROOT}/Manifest.lock",
			);
			name = "[CP] Check Pods Manifest.lock";
			outputFileListPaths = (
			);
			outputPaths = (
				"$(DERIVED_FILE_DIR)/Pods-ProjectDisney-checkManifestLockResult.txt",
			);
			runOnlyForDeploymentPostprocessing = 0;
			shellPath = /bin/sh;
			shellScript = "diff \"${PODS_PODFILE_DIR_PATH}/Podfile.lock\" \"${PODS_ROOT}/Manifest.lock\" > /dev/null\nif [ $? != 0 ] ; then\n    # print error to STDERR\n    echo \"error: The sandbox is not in sync with the Podfile.lock. Run 'pod install' or update your CocoaPods installation.\" >&2\n    exit 1\nfi\n# This output is used by Xcode 'outputs' to avoid re-running this script phase.\necho \"SUCCESS\" > \"${SCRIPT_OUTPUT_FILE_0}\"\n";
			showEnvVarsInLog = 0;
		};
		FD681DD9AAC2A3FADD0E361A /* [CP] Embed Pods Frameworks */ = {
			isa = PBXShellScriptBuildPhase;
			buildActionMask = 2147483647;
			files = (
			);
			inputFileListPaths = (
				"${PODS_ROOT}/Target Support Files/Pods-ProjectDisney/Pods-ProjectDisney-frameworks-${CONFIGURATION}-input-files.xcfilelist",
			);
			name = "[CP] Embed Pods Frameworks";
			outputFileListPaths = (
				"${PODS_ROOT}/Target Support Files/Pods-ProjectDisney/Pods-ProjectDisney-frameworks-${CONFIGURATION}-output-files.xcfilelist",
			);
			runOnlyForDeploymentPostprocessing = 0;
			shellPath = /bin/sh;
			shellScript = "\"${PODS_ROOT}/Target Support Files/Pods-ProjectDisney/Pods-ProjectDisney-frameworks.sh\"\n";
			showEnvVarsInLog = 0;
		};
/* End PBXShellScriptBuildPhase section */

/* Begin PBXSourcesBuildPhase section */
		3A78F99929D5C05300C02C43 /* Sources */ = {
			isa = PBXSourcesBuildPhase;
			buildActionMask = 2147483647;
			files = (
				3A78F9B929D61BFE00C02C43 /* ListDisneyViewController.swift in Sources */,
				3A78F9A529D5C05300C02C43 /* HomeViewController.swift in Sources */,
				3A78F9A129D5C05300C02C43 /* AppDelegate.swift in Sources */,
				3A78F9BC29D61DF400C02C43 /* DisneyTableViewCell.swift in Sources */,
				3A78F9B729D5C56E00C02C43 /* Request.swift in Sources */,
				3A78F9C729DDBC3100C02C43 /* RequestLogin.swift in Sources */,
				3A78F9A329D5C05300C02C43 /* SceneDelegate.swift in Sources */,
				3A78F9BF29DBB42600C02C43 /* ListFilmsViewController.swift in Sources */,
				3A78F9C229DBB89B00C02C43 /* FilmsTableViewCell.swift in Sources */,
				3A78F9C529DDBA6000C02C43 /* LoginViewController.swift in Sources */,
				3A78F9B529D5C40300C02C43 /* Disney.swift in Sources */,
			);
			runOnlyForDeploymentPostprocessing = 0;
		};
/* End PBXSourcesBuildPhase section */

/* Begin PBXVariantGroup section */
		3A78F9A629D5C05300C02C43 /* Main.storyboard */ = {
			isa = PBXVariantGroup;
			children = (
				3A78F9A729D5C05300C02C43 /* Base */,
			);
			name = Main.storyboard;
			sourceTree = "<group>";
		};
		3A78F9AB29D5C05500C02C43 /* LaunchScreen.storyboard */ = {
			isa = PBXVariantGroup;
			children = (
				3A78F9AC29D5C05500C02C43 /* Base */,
			);
			name = LaunchScreen.storyboard;
			sourceTree = "<group>";
		};
/* End PBXVariantGroup section */

/* Begin XCBuildConfiguration section */
		3A78F9AF29D5C05500C02C43 /* Debug */ = {
			isa = XCBuildConfiguration;
			buildSettings = {
				ALWAYS_SEARCH_USER_PATHS = NO;
				CLANG_ANALYZER_NONNULL = YES;
				CLANG_ANALYZER_NUMBER_OBJECT_CONVERSION = YES_AGGRESSIVE;
				CLANG_CXX_LANGUAGE_STANDARD = "gnu++20";
				CLANG_ENABLE_MODULES = YES;
				CLANG_ENABLE_OBJC_ARC = YES;
				CLANG_ENABLE_OBJC_WEAK = YES;
				CLANG_WARN_BLOCK_CAPTURE_AUTORELEASING = YES;
				CLANG_WARN_BOOL_CONVERSION = YES;
				CLANG_WARN_COMMA = YES;
				CLANG_WARN_CONSTANT_CONVERSION = YES;
				CLANG_WARN_DEPRECATED_OBJC_IMPLEMENTATIONS = YES;
				CLANG_WARN_DIRECT_OBJC_ISA_USAGE = YES_ERROR;
				CLANG_WARN_DOCUMENTATION_COMMENTS = YES;
				CLANG_WARN_EMPTY_BODY = YES;
				CLANG_WARN_ENUM_CONVERSION = YES;
				CLANG_WARN_INFINITE_RECURSION = YES;
				CLANG_WARN_INT_CONVERSION = YES;
				CLANG_WARN_NON_LITERAL_NULL_CONVERSION = YES;
				CLANG_WARN_OBJC_IMPLICIT_RETAIN_SELF = YES;
				CLANG_WARN_OBJC_LITERAL_CONVERSION = YES;
				CLANG_WARN_OBJC_ROOT_CLASS = YES_ERROR;
				CLANG_WARN_QUOTED_INCLUDE_IN_FRAMEWORK_HEADER = YES;
				CLANG_WARN_RANGE_LOOP_ANALYSIS = YES;
				CLANG_WARN_STRICT_PROTOTYPES = YES;
				CLANG_WARN_SUSPICIOUS_MOVE = YES;
				CLANG_WARN_UNGUARDED_AVAILABILITY = YES_AGGRESSIVE;
				CLANG_WARN_UNREACHABLE_CODE = YES;
				CLANG_WARN__DUPLICATE_METHOD_MATCH = YES;
				COPY_PHASE_STRIP = NO;
				DEBUG_INFORMATION_FORMAT = dwarf;
				ENABLE_STRICT_OBJC_MSGSEND = YES;
				ENABLE_TESTABILITY = YES;
				GCC_C_LANGUAGE_STANDARD = gnu11;
				GCC_DYNAMIC_NO_PIC = NO;
				GCC_NO_COMMON_BLOCKS = YES;
				GCC_OPTIMIZATION_LEVEL = 0;
				GCC_PREPROCESSOR_DEFINITIONS = (
					"DEBUG=1",
					"$(inherited)",
				);
				GCC_WARN_64_TO_32_BIT_CONVERSION = YES;
				GCC_WARN_ABOUT_RETURN_TYPE = YES_ERROR;
				GCC_WARN_UNDECLARED_SELECTOR = YES;
				GCC_WARN_UNINITIALIZED_AUTOS = YES_AGGRESSIVE;
				GCC_WARN_UNUSED_FUNCTION = YES;
				GCC_WARN_UNUSED_VARIABLE = YES;
				IPHONEOS_DEPLOYMENT_TARGET = 16.1;
				MTL_ENABLE_DEBUG_INFO = INCLUDE_SOURCE;
				MTL_FAST_MATH = YES;
				ONLY_ACTIVE_ARCH = YES;
				SDKROOT = iphoneos;
				SWIFT_ACTIVE_COMPILATION_CONDITIONS = DEBUG;
				SWIFT_OPTIMIZATION_LEVEL = "-Onone";
			};
			name = Debug;
		};
		3A78F9B029D5C05500C02C43 /* Release */ = {
			isa = XCBuildConfiguration;
			buildSettings = {
				ALWAYS_SEARCH_USER_PATHS = NO;
				CLANG_ANALYZER_NONNULL = YES;
				CLANG_ANALYZER_NUMBER_OBJECT_CONVERSION = YES_AGGRESSIVE;
				CLANG_CXX_LANGUAGE_STANDARD = "gnu++20";
				CLANG_ENABLE_MODULES = YES;
				CLANG_ENABLE_OBJC_ARC = YES;
				CLANG_ENABLE_OBJC_WEAK = YES;
				CLANG_WARN_BLOCK_CAPTURE_AUTORELEASING = YES;
				CLANG_WARN_BOOL_CONVERSION = YES;
				CLANG_WARN_COMMA = YES;
				CLANG_WARN_CONSTANT_CONVERSION = YES;
				CLANG_WARN_DEPRECATED_OBJC_IMPLEMENTATIONS = YES;
				CLANG_WARN_DIRECT_OBJC_ISA_USAGE = YES_ERROR;
				CLANG_WARN_DOCUMENTATION_COMMENTS = YES;
				CLANG_WARN_EMPTY_BODY = YES;
				CLANG_WARN_ENUM_CONVERSION = YES;
				CLANG_WARN_INFINITE_RECURSION = YES;
				CLANG_WARN_INT_CONVERSION = YES;
				CLANG_WARN_NON_LITERAL_NULL_CONVERSION = YES;
				CLANG_WARN_OBJC_IMPLICIT_RETAIN_SELF = YES;
				CLANG_WARN_OBJC_LITERAL_CONVERSION = YES;
				CLANG_WARN_OBJC_ROOT_CLASS = YES_ERROR;
				CLANG_WARN_QUOTED_INCLUDE_IN_FRAMEWORK_HEADER = YES;
				CLANG_WARN_RANGE_LOOP_ANALYSIS = YES;
				CLANG_WARN_STRICT_PROTOTYPES = YES;
				CLANG_WARN_SUSPICIOUS_MOVE = YES;
				CLANG_WARN_UNGUARDED_AVAILABILITY = YES_AGGRESSIVE;
				CLANG_WARN_UNREACHABLE_CODE = YES;
				CLANG_WARN__DUPLICATE_METHOD_MATCH = YES;
				COPY_PHASE_STRIP = NO;
				DEBUG_INFORMATION_FORMAT = "dwarf-with-dsym";
				ENABLE_NS_ASSERTIONS = NO;
				ENABLE_STRICT_OBJC_MSGSEND = YES;
				GCC_C_LANGUAGE_STANDARD = gnu11;
				GCC_NO_COMMON_BLOCKS = YES;
				GCC_WARN_64_TO_32_BIT_CONVERSION = YES;
				GCC_WARN_ABOUT_RETURN_TYPE = YES_ERROR;
				GCC_WARN_UNDECLARED_SELECTOR = YES;
				GCC_WARN_UNINITIALIZED_AUTOS = YES_AGGRESSIVE;
				GCC_WARN_UNUSED_FUNCTION = YES;
				GCC_WARN_UNUSED_VARIABLE = YES;
				IPHONEOS_DEPLOYMENT_TARGET = 16.1;
				MTL_ENABLE_DEBUG_INFO = NO;
				MTL_FAST_MATH = YES;
				SDKROOT = iphoneos;
				SWIFT_COMPILATION_MODE = wholemodule;
				SWIFT_OPTIMIZATION_LEVEL = "-O";
				VALIDATE_PRODUCT = YES;
			};
			name = Release;
		};
		3A78F9B229D5C05500C02C43 /* Debug */ = {
			isa = XCBuildConfiguration;
			baseConfigurationReference = CCD99385EE763FA4C30CDE31 /* Pods-ProjectDisney.debug.xcconfig */;
			buildSettings = {
				ASSETCATALOG_COMPILER_APPICON_NAME = AppIcon;
				ASSETCATALOG_COMPILER_GLOBAL_ACCENT_COLOR_NAME = AccentColor;
				CODE_SIGN_STYLE = Automatic;
				CURRENT_PROJECT_VERSION = 1;
				GENERATE_INFOPLIST_FILE = YES;
				INFOPLIST_FILE = ProjectDisney/Info.plist;
				INFOPLIST_KEY_UIApplicationSupportsIndirectInputEvents = YES;
				INFOPLIST_KEY_UILaunchStoryboardName = LaunchScreen;
				INFOPLIST_KEY_UIMainStoryboardFile = Main;
				INFOPLIST_KEY_UISupportedInterfaceOrientations_iPad = "UIInterfaceOrientationPortrait UIInterfaceOrientationPortraitUpsideDown UIInterfaceOrientationLandscapeLeft UIInterfaceOrientationLandscapeRight";
				INFOPLIST_KEY_UISupportedInterfaceOrientations_iPhone = "UIInterfaceOrientationPortrait UIInterfaceOrientationLandscapeLeft UIInterfaceOrientationLandscapeRight";
				LD_RUNPATH_SEARCH_PATHS = (
					"$(inherited)",
					"@executable_path/Frameworks",
				);
				MARKETING_VERSION = 1.0;
				PRODUCT_BUNDLE_IDENTIFIER = com.miriansantana.ProjectDisney;
				PRODUCT_NAME = "$(TARGET_NAME)";
				SWIFT_EMIT_LOC_STRINGS = YES;
				SWIFT_VERSION = 5.0;
				TARGETED_DEVICE_FAMILY = "1,2";
			};
			name = Debug;
		};
		3A78F9B329D5C05500C02C43 /* Release */ = {
			isa = XCBuildConfiguration;
			baseConfigurationReference = 3891C0ED6E9145F8DC30F3FA /* Pods-ProjectDisney.release.xcconfig */;
			buildSettings = {
				ASSETCATALOG_COMPILER_APPICON_NAME = AppIcon;
				ASSETCATALOG_COMPILER_GLOBAL_ACCENT_COLOR_NAME = AccentColor;
				CODE_SIGN_STYLE = Automatic;
				CURRENT_PROJECT_VERSION = 1;
				GENERATE_INFOPLIST_FILE = YES;
				INFOPLIST_FILE = ProjectDisney/Info.plist;
				INFOPLIST_KEY_UIApplicationSupportsIndirectInputEvents = YES;
				INFOPLIST_KEY_UILaunchStoryboardName = LaunchScreen;
				INFOPLIST_KEY_UIMainStoryboardFile = Main;
				INFOPLIST_KEY_UISupportedInterfaceOrientations_iPad = "UIInterfaceOrientationPortrait UIInterfaceOrientationPortraitUpsideDown UIInterfaceOrientationLandscapeLeft UIInterfaceOrientationLandscapeRight";
				INFOPLIST_KEY_UISupportedInterfaceOrientations_iPhone = "UIInterfaceOrientationPortrait UIInterfaceOrientationLandscapeLeft UIInterfaceOrientationLandscapeRight";
				LD_RUNPATH_SEARCH_PATHS = (
					"$(inherited)",
					"@executable_path/Frameworks",
				);
				MARKETING_VERSION = 1.0;
				PRODUCT_BUNDLE_IDENTIFIER = com.miriansantana.ProjectDisney;
				PRODUCT_NAME = "$(TARGET_NAME)";
				SWIFT_EMIT_LOC_STRINGS = YES;
				SWIFT_VERSION = 5.0;
				TARGETED_DEVICE_FAMILY = "1,2";
			};
			name = Release;
		};
/* End XCBuildConfiguration section */

/* Begin XCConfigurationList section */
		3A78F99829D5C05300C02C43 /* Build configuration list for PBXProject "ProjectDisney" */ = {
			isa = XCConfigurationList;
			buildConfigurations = (
				3A78F9AF29D5C05500C02C43 /* Debug */,
				3A78F9B029D5C05500C02C43 /* Release */,
			);
			defaultConfigurationIsVisible = 0;
			defaultConfigurationName = Release;
		};
		3A78F9B129D5C05500C02C43 /* Build configuration list for PBXNativeTarget "ProjectDisney" */ = {
			isa = XCConfigurationList;
			buildConfigurations = (
				3A78F9B229D5C05500C02C43 /* Debug */,
				3A78F9B329D5C05500C02C43 /* Release */,
			);
			defaultConfigurationIsVisible = 0;
			defaultConfigurationName = Release;
		};
/* End XCConfigurationList section */
	};
	rootObject = 3A78F99529D5C05300C02C43 /* Project object */;
}
